<?xml version="1.0" encoding="utf-8"?>
<Project ToolsVersion="4.0" xmlns="http://schemas.microsoft.com/developer/msbuild/2003">
  <ItemGroup>
    <Filter Include="Source Files">
      <UniqueIdentifier>{4FC737F1-C7A5-4376-A066-2A32D752A2FF}</UniqueIdentifier>
      <Extensions>cpp;c;cc;cxx;def;odl;idl;hpj;bat;asm;asmx</Extensions>
    </Filter>
    <Filter Include="edfio">
      <UniqueIdentifier>{843a1c6b-2e5e-47b1-9526-dd0e27e61380}</UniqueIdentifier>
    </Filter>
    <Filter Include="edfio\core">
      <UniqueIdentifier>{8a6d7ee0-16ed-4148-9321-ee71330ebda7}</UniqueIdentifier>
    </Filter>
    <Filter Include="edfio\processor">
      <UniqueIdentifier>{f24bfa7c-f925-4e6a-81ff-8db51d142ad1}</UniqueIdentifier>
    </Filter>
    <Filter Include="edfio\reader">
      <UniqueIdentifier>{a2c03181-dff8-4182-bb99-8965c1c4143d}</UniqueIdentifier>
    </Filter>
    <Filter Include="edfio\writer">
      <UniqueIdentifier>{bb944b02-82b0-47a6-9c6b-0606e7dc6476}</UniqueIdentifier>
    </Filter>
    <Filter Include="edfio\reader\impl">
      <UniqueIdentifier>{059314a9-aeee-40b9-a3ed-2caaeda5794d}</UniqueIdentifier>
    </Filter>
    <Filter Include="edfio\processor\detail">
      <UniqueIdentifier>{851d5d77-2308-4ded-a1c9-7a7c19abe4af}</UniqueIdentifier>
    </Filter>
    <Filter Include="edfio\processor\impl">
      <UniqueIdentifier>{469ebd5a-9b44-4393-b7c1-82caa6c65665}</UniqueIdentifier>
    </Filter>
    <Filter Include="edfio\writer\impl">
      <UniqueIdentifier>{18195841-170d-4877-9ece-29f3ae36531c}</UniqueIdentifier>
    </Filter>
    <Filter Include="edfio\header">
      <UniqueIdentifier>{baeee433-c6d4-4e34-ad31-a797160d35b4}</UniqueIdentifier>
    </Filter>
    <Filter Include="edfio\store">
      <UniqueIdentifier>{f9c528db-122f-4353-877d-a40fb1290f4b}</UniqueIdentifier>
    </Filter>
    <Filter Include="edfio\store\detail">
      <UniqueIdentifier>{177985bd-29e4-49fe-8689-91790cc84567}</UniqueIdentifier>
    </Filter>
  </ItemGroup>
  <ItemGroup>
    <ClCompile Include="../../src/main.cpp">
      <Filter>Source Files</Filter>
    </ClCompile>
  </ItemGroup>
  <ItemGroup>
    <ClInclude Include="..\..\..\edfio\include\edfio\Defs.hpp">
      <Filter>edfio</Filter>
    </ClInclude>
    <ClInclude Include="..\..\..\edfio\include\edfio\EdfIO.hpp">
      <Filter>edfio</Filter>
    </ClInclude>
    <ClInclude Include="..\..\..\edfio\include\edfio\core\Annotation.hpp">
      <Filter>edfio\core</Filter>
    </ClInclude>
    <ClInclude Include="..\..\..\edfio\include\edfio\core\DataFormat.hpp">
      <Filter>edfio\core</Filter>
    </ClInclude>
    <ClInclude Include="..\..\..\edfio\include\edfio\core\Field.hpp">
      <Filter>edfio\core</Filter>
    </ClInclude>
    <ClInclude Include="..\..\..\edfio\include\edfio\core\Record.hpp">
      <Filter>edfio\core</Filter>
    </ClInclude>
    <ClInclude Include="..\..\..\edfio\include\edfio\processor\ProcessorHeaderGeneral.hpp">
      <Filter>edfio\processor</Filter>
    </ClInclude>
    <ClInclude Include="..\..\..\edfio\include\edfio\processor\ProcessorHeaderSignal.hpp">
      <Filter>edfio\processor</Filter>
    </ClInclude>
    <ClInclude Include="..\..\..\edfio\include\edfio\processor\detail\ProcessorUtils.hpp">
      <Filter>edfio\processor\detail</Filter>
    </ClInclude>
    <ClInclude Include="..\..\..\edfio\include\edfio\reader\ReaderHeaderGeneral.hpp">
      <Filter>edfio\reader</Filter>
    </ClInclude>
    <ClInclude Include="..\..\..\edfio\include\edfio\reader\ReaderHeaderSignal.hpp">
      <Filter>edfio\reader</Filter>
    </ClInclude>
    <ClInclude Include="..\..\..\edfio\include\edfio\core\StreamIO.hpp">
      <Filter>edfio\core</Filter>
    </ClInclude>
    <ClInclude Include="..\..\..\edfio\include\edfio\header\HeaderExam.hpp">
      <Filter>edfio\header</Filter>
    </ClInclude>
    <ClInclude Include="..\..\..\edfio\include\edfio\header\HeaderGeneral.hpp">
      <Filter>edfio\header</Filter>
    </ClInclude>
    <ClInclude Include="..\..\..\edfio\include\edfio\header\HeaderSignal.hpp">
      <Filter>edfio\header</Filter>
    </ClInclude>
    <ClInclude Include="..\..\..\edfio\include\edfio\Utils.hpp">
      <Filter>edfio</Filter>
    </ClInclude>
    <ClInclude Include="..\..\..\edfio\include\edfio\header\HeaderUtils.hpp">
      <Filter>edfio\header</Filter>
    </ClInclude>
    <ClInclude Include="..\..\..\edfio\include\edfio\processor\ProcessorHeaderGeneralFields.hpp">
      <Filter>edfio\processor</Filter>
    </ClInclude>
    <ClInclude Include="..\..\..\edfio\include\edfio\processor\ProcessorHeaderSignalFields.hpp">
      <Filter>edfio\processor</Filter>
    </ClInclude>
    <ClInclude Include="..\..\..\edfio\include\edfio\reader\ReaderHeaderExam.hpp">
      <Filter>edfio\reader</Filter>
    </ClInclude>
    <ClInclude Include="..\..\..\edfio\include\edfio\store\Store.hpp">
      <Filter>edfio\store</Filter>
    </ClInclude>
    <ClInclude Include="..\..\..\edfio\include\edfio\store\RecordStore.hpp">
      <Filter>edfio\store</Filter>
    </ClInclude>
    <ClInclude Include="..\..\..\edfio\include\edfio\store\SignalSampleStore.hpp">
      <Filter>edfio\store</Filter>
    </ClInclude>
    <ClInclude Include="..\..\..\edfio\include\edfio\store\detail\StoreUtils.hpp">
      <Filter>edfio\store\detail</Filter>
    </ClInclude>
    <ClInclude Include="..\..\..\edfio\include\edfio\store\TimeStampStore.hpp">
      <Filter>edfio\store</Filter>
    </ClInclude>
    <ClInclude Include="..\..\..\edfio\include\edfio\processor\ProcessorTimeStampRecord.hpp">
      <Filter>edfio\processor</Filter>
    </ClInclude>
    <ClInclude Include="..\..\..\edfio\include\edfio\processor\ProcessorSampleRecord.hpp">
      <Filter>edfio\processor</Filter>
    </ClInclude>
    <ClInclude Include="..\..\..\edfio\include\edfio\store\DataRecordStore.hpp">
      <Filter>edfio\store</Filter>
    </ClInclude>
    <ClInclude Include="..\..\..\edfio\include\edfio\store\SignalRecordStore.hpp">
      <Filter>edfio\store</Filter>
    </ClInclude>
    <ClInclude Include="..\..\..\edfio\include\edfio\store\TalStore.hpp">
      <Filter>edfio\store</Filter>
    </ClInclude>
    <ClInclude Include="..\..\..\edfio\include\edfio\writer\WriterHeaderGeneral.hpp">
      <Filter>edfio\writer</Filter>
    </ClInclude>
    <ClInclude Include="..\..\..\edfio\include\edfio\writer\WriterHeaderSignals.hpp">
      <Filter>edfio\writer</Filter>
    </ClInclude>
    <ClInclude Include="..\..\..\edfio\include\edfio\processor\ProcessorHeaderExam.hpp">
      <Filter>edfio\processor</Filter>
    </ClInclude>
    <ClInclude Include="..\..\..\edfio\include\edfio\processor\ProcessorTalRecord.hpp">
      <Filter>edfio\processor</Filter>
    </ClInclude>
    <ClInclude Include="..\..\..\edfio\include\edfio\core\SampleType.hpp">
      <Filter>edfio\core</Filter>
    </ClInclude>
    <ClInclude Include="..\..\..\edfio\include\edfio\processor\ProcessorSample.hpp">
      <Filter>edfio\processor</Filter>
    </ClInclude>
    <ClInclude Include="..\..\..\edfio\include\edfio\processor\ProcessorAnnotation.hpp">
      <Filter>edfio\processor</Filter>
    </ClInclude>
    <ClInclude Include="..\..\..\edfio\include\edfio\processor\ProcessorTimeStamp.hpp">
      <Filter>edfio\processor</Filter>
    </ClInclude>
  </ItemGroup>
  <ItemGroup>
    <None Include="..\..\..\edfio\include\edfio\processor\impl\ProcessorHeaderGeneral.ipp">
      <Filter>edfio\processor\impl</Filter>
    </None>
    <None Include="..\..\..\edfio\include\edfio\processor\impl\ProcessorHeaderSignal.ipp">
      <Filter>edfio\processor\impl</Filter>
    </None>
    <None Include="..\..\..\edfio\include\edfio\reader\impl\ReaderHeaderGeneral.ipp">
      <Filter>edfio\reader\impl</Filter>
    </None>
    <None Include="..\..\..\edfio\include\edfio\reader\impl\ReaderHeaderSignal.ipp">
      <Filter>edfio\reader\impl</Filter>
    </None>
    <None Include="..\..\..\edfio\include\edfio\processor\impl\ProcessorHeaderGeneralFields.ipp">
      <Filter>edfio\processor\impl</Filter>
    </None>
    <None Include="..\..\..\edfio\include\edfio\processor\impl\ProcessorHeaderSignalFields.ipp">
      <Filter>edfio\processor\impl</Filter>
    </None>
    <None Include="..\..\..\edfio\include\edfio\reader\impl\ReaderHeaderExam.ipp">
      <Filter>edfio\reader\impl</Filter>
    </None>
    <None Include="..\..\..\edfio\include\edfio\processor\impl\ProcessorSampleRecord.ipp">
      <Filter>edfio\processor\impl</Filter>
    </None>
    <None Include="..\..\..\edfio\include\edfio\processor\impl\ProcessorTimeStampRecord.ipp">
      <Filter>edfio\processor\impl</Filter>
    </None>
    <None Include="..\..\..\edfio\include\edfio\writer\impl\WriterHeaderSignals.ipp">
      <Filter>edfio\writer\impl</Filter>
    </None>
    <None Include="..\..\..\edfio\include\edfio\writer\impl\WriterHeaderGeneral.ipp">
      <Filter>edfio\writer\impl</Filter>
    </None>
    <None Include="..\..\..\edfio\include\edfio\processor\impl\ProcessorHeaderExam.ipp">
      <Filter>edfio\processor\impl</Filter>
    </None>
    <None Include="..\..\..\edfio\include\edfio\processor\impl\ProcessorTalRecord.ipp">
      <Filter>edfio\processor\impl</Filter>
    </None>
    <None Include="..\..\..\edfio\include\edfio\processor\impl\ProcessorSample.ipp">
      <Filter>edfio\processor\impl</Filter>
    </None>
    <None Include="..\..\..\edfio\include\edfio\processor\impl\ProcessorAnnotation.ipp">
      <Filter>edfio\processor\impl</Filter>
    </None>
    <None Include="..\..\..\edfio\include\edfio\processor\impl\ProcessorTimeStamp.ipp">
      <Filter>edfio\processor\impl</Filter>
    </None>
  </ItemGroup>
</Project>